// !$*UTF8*$!
{
	archiveVersion = 1;
	classes = {
	};
	objectVersion = 55;
	objects = {

/* Begin PBXBuildFile section */
		4FCDF0522805F3B8009CA4CB /* AppDelegate.swift in Sources */ = {isa = PBXBuildFile; fileRef = 4FCDF0512805F3B8009CA4CB /* AppDelegate.swift */; };
		4FCDF0542805F3B8009CA4CB /* SceneDelegate.swift in Sources */ = {isa = PBXBuildFile; fileRef = 4FCDF0532805F3B8009CA4CB /* SceneDelegate.swift */; };
		4FCDF0562805F3B8009CA4CB /* ViewController.swift in Sources */ = {isa = PBXBuildFile; fileRef = 4FCDF0552805F3B8009CA4CB /* ViewController.swift */; };
		4FCDF0592805F3B8009CA4CB /* Main.storyboard in Resources */ = {isa = PBXBuildFile; fileRef = 4FCDF0572805F3B8009CA4CB /* Main.storyboard */; };
		4FCDF05B2805F3BD009CA4CB /* Assets.xcassets in Resources */ = {isa = PBXBuildFile; fileRef = 4FCDF05A2805F3BD009CA4CB /* Assets.xcassets */; };
		4FCDF05E2805F3BD009CA4CB /* LaunchScreen.storyboard in Resources */ = {isa = PBXBuildFile; fileRef = 4FCDF05C2805F3BD009CA4CB /* LaunchScreen.storyboard */; };
		4FCDF0692805F3BE009CA4CB /* _0220412_RameshNatarajan_NYCSchoolsTests.swift in Sources */ = {isa = PBXBuildFile; fileRef = 4FCDF0682805F3BE009CA4CB /* _0220412_RameshNatarajan_NYCSchoolsTests.swift */; };
		4FCDF0732805F3BE009CA4CB /* _0220412_RameshNatarajan_NYCSchoolsUITests.swift in Sources */ = {isa = PBXBuildFile; fileRef = 4FCDF0722805F3BE009CA4CB /* _0220412_RameshNatarajan_NYCSchoolsUITests.swift */; };
		4FCDF0752805F3BE009CA4CB /* _0220412_RameshNatarajan_NYCSchoolsUITestsLaunchTests.swift in Sources */ = {isa = PBXBuildFile; fileRef = 4FCDF0742805F3BE009CA4CB /* _0220412_RameshNatarajan_NYCSchoolsUITestsLaunchTests.swift */; };
		4FCDF0842805F3FF009CA4CB /* SchoolResults.swift in Sources */ = {isa = PBXBuildFile; fileRef = 4FCDF0832805F3FF009CA4CB /* SchoolResults.swift */; };
		4FCDF0872805FB76009CA4CB /* SchoolResponse.json in Resources */ = {isa = PBXBuildFile; fileRef = 4FCDF0852805F829009CA4CB /* SchoolResponse.json */; };
/* End PBXBuildFile section */

/* Begin PBXContainerItemProxy section */
		4FCDF0652805F3BE009CA4CB /* PBXContainerItemProxy */ = {
			isa = PBXContainerItemProxy;
			containerPortal = 4FCDF0462805F3B8009CA4CB /* Project object */;
			proxyType = 1;
			remoteGlobalIDString = 4FCDF04D2805F3B8009CA4CB;
			remoteInfo = "20220412-RameshNatarajan-NYCSchools";
		};
		4FCDF06F2805F3BE009CA4CB /* PBXContainerItemProxy */ = {
			isa = PBXContainerItemProxy;
			containerPortal = 4FCDF0462805F3B8009CA4CB /* Project object */;
			proxyType = 1;
			remoteGlobalIDString = 4FCDF04D2805F3B8009CA4CB;
			remoteInfo = "20220412-RameshNatarajan-NYCSchools";
		};
/* End PBXContainerItemProxy section */

/* Begin PBXFileReference section */
		4FCDF04E2805F3B8009CA4CB /* 20220412-RameshNatarajan-NYCSchools.app */ = {isa = PBXFileReference; explicitFileType = wrapper.application; includeInIndex = 0; path = "20220412-RameshNatarajan-NYCSchools.app"; sourceTree = BUILT_PRODUCTS_DIR; };
		4FCDF0512805F3B8009CA4CB /* AppDelegate.swift */ = {isa = PBXFileReference; lastKnownFileType = sourcecode.swift; path = AppDelegate.swift; sourceTree = "<group>"; };
		4FCDF0532805F3B8009CA4CB /* SceneDelegate.swift */ = {isa = PBXFileReference; lastKnownFileType = sourcecode.swift; path = SceneDelegate.swift; sourceTree = "<group>"; };
		4FCDF0552805F3B8009CA4CB /* ViewController.swift */ = {isa = PBXFileReference; lastKnownFileType = sourcecode.swift; path = ViewController.swift; sourceTree = "<group>"; };
		4FCDF0582805F3B8009CA4CB /* Base */ = {isa = PBXFileReference; lastKnownFileType = file.storyboard; name = Base; path = Base.lproj/Main.storyboard; sourceTree = "<group>"; };
		4FCDF05A2805F3BD009CA4CB /* Assets.xcassets */ = {isa = PBXFileReference; lastKnownFileType = folder.assetcatalog; path = Assets.xcassets; sourceTree = "<group>"; };
		4FCDF05D2805F3BD009CA4CB /* Base */ = {isa = PBXFileReference; lastKnownFileType = file.storyboard; name = Base; path = Base.lproj/LaunchScreen.storyboard; sourceTree = "<group>"; };
		4FCDF05F2805F3BD009CA4CB /* Info.plist */ = {isa = PBXFileReference; lastKnownFileType = text.plist.xml; path = Info.plist; sourceTree = "<group>"; };
		4FCDF0642805F3BE009CA4CB /* 20220412-RameshNatarajan-NYCSchoolsTests.xctest */ = {isa = PBXFileReference; explicitFileType = wrapper.cfbundle; includeInIndex = 0; path = "20220412-RameshNatarajan-NYCSchoolsTests.xctest"; sourceTree = BUILT_PRODUCTS_DIR; };
		4FCDF0682805F3BE009CA4CB /* _0220412_RameshNatarajan_NYCSchoolsTests.swift */ = {isa = PBXFileReference; lastKnownFileType = sourcecode.swift; path = _0220412_RameshNatarajan_NYCSchoolsTests.swift; sourceTree = "<group>"; };
		4FCDF06E2805F3BE009CA4CB /* 20220412-RameshNatarajan-NYCSchoolsUITests.xctest */ = {isa = PBXFileReference; explicitFileType = wrapper.cfbundle; includeInIndex = 0; path = "20220412-RameshNatarajan-NYCSchoolsUITests.xctest"; sourceTree = BUILT_PRODUCTS_DIR; };
		4FCDF0722805F3BE009CA4CB /* _0220412_RameshNatarajan_NYCSchoolsUITests.swift */ = {isa = PBXFileReference; lastKnownFileType = sourcecode.swift; path = _0220412_RameshNatarajan_NYCSchoolsUITests.swift; sourceTree = "<group>"; };
		4FCDF0742805F3BE009CA4CB /* _0220412_RameshNatarajan_NYCSchoolsUITestsLaunchTests.swift */ = {isa = PBXFileReference; lastKnownFileType = sourcecode.swift; path = _0220412_RameshNatarajan_NYCSchoolsUITestsLaunchTests.swift; sourceTree = "<group>"; };
		4FCDF0832805F3FF009CA4CB /* SchoolResults.swift */ = {isa = PBXFileReference; lastKnownFileType = sourcecode.swift; path = SchoolResults.swift; sourceTree = "<group>"; };
		4FCDF0852805F829009CA4CB /* SchoolResponse.json */ = {isa = PBXFileReference; lastKnownFileType = text.json; name = SchoolResponse.json; path = ../../../../SchoolResponse.json; sourceTree = "<group>"; };
/* End PBXFileReference section */

/* Begin PBXFrameworksBuildPhase section */
		4FCDF04B2805F3B8009CA4CB /* Frameworks */ = {
			isa = PBXFrameworksBuildPhase;
			buildActionMask = 2147483647;
			files = (
			);
			runOnlyForDeploymentPostprocessing = 0;
		};
		4FCDF0612805F3BE009CA4CB /* Frameworks */ = {
			isa = PBXFrameworksBuildPhase;
			buildActionMask = 2147483647;
			files = (
			);
			runOnlyForDeploymentPostprocessing = 0;
		};
		4FCDF06B2805F3BE009CA4CB /* Frameworks */ = {
			isa = PBXFrameworksBuildPhase;
			buildActionMask = 2147483647;
			files = (
			);
			runOnlyForDeploymentPostprocessing = 0;
		};
/* End PBXFrameworksBuildPhase section */

/* Begin PBXGroup section */
		4FCDF0452805F3B8009CA4CB = {
			isa = PBXGroup;
			children = (
				4FCDF0502805F3B8009CA4CB /* 20220412-RameshNatarajan-NYCSchools */,
				4FCDF0672805F3BE009CA4CB /* 20220412-RameshNatarajan-NYCSchoolsTests */,
				4FCDF0712805F3BE009CA4CB /* 20220412-RameshNatarajan-NYCSchoolsUITests */,
				4FCDF04F2805F3B8009CA4CB /* Products */,
			);
			sourceTree = "<group>";
		};
		4FCDF04F2805F3B8009CA4CB /* Products */ = {
			isa = PBXGroup;
			children = (
				4FCDF04E2805F3B8009CA4CB /* 20220412-RameshNatarajan-NYCSchools.app */,
				4FCDF0642805F3BE009CA4CB /* 20220412-RameshNatarajan-NYCSchoolsTests.xctest */,
				4FCDF06E2805F3BE009CA4CB /* 20220412-RameshNatarajan-NYCSchoolsUITests.xctest */,
			);
			name = Products;
			sourceTree = "<group>";
		};
		4FCDF0502805F3B8009CA4CB /* 20220412-RameshNatarajan-NYCSchools */ = {
			isa = PBXGroup;
			children = (
				4FCDF0822805F3DC009CA4CB /* View */,
				4FCDF0812805F3CD009CA4CB /* Model */,
				4FCDF0512805F3B8009CA4CB /* AppDelegate.swift */,
				4FCDF0532805F3B8009CA4CB /* SceneDelegate.swift */,
				4FCDF0552805F3B8009CA4CB /* ViewController.swift */,
				4FCDF0572805F3B8009CA4CB /* Main.storyboard */,
				4FCDF05A2805F3BD009CA4CB /* Assets.xcassets */,
				4FCDF05C2805F3BD009CA4CB /* LaunchScreen.storyboard */,
				4FCDF05F2805F3BD009CA4CB /* Info.plist */,
				4FCDF0852805F829009CA4CB /* SchoolResponse.json */,
			);
			path = "20220412-RameshNatarajan-NYCSchools";
			sourceTree = "<group>";
		};
		4FCDF0672805F3BE009CA4CB /* 20220412-RameshNatarajan-NYCSchoolsTests */ = {
			isa = PBXGroup;
			children = (
				4FCDF0682805F3BE009CA4CB /* _0220412_RameshNatarajan_NYCSchoolsTests.swift */,
			);
			path = "20220412-RameshNatarajan-NYCSchoolsTests";
			sourceTree = "<group>";
		};
		4FCDF0712805F3BE009CA4CB /* 20220412-RameshNatarajan-NYCSchoolsUITests */ = {
			isa = PBXGroup;
			children = (
				4FCDF0722805F3BE009CA4CB /* _0220412_RameshNatarajan_NYCSchoolsUITests.swift */,
				4FCDF0742805F3BE009CA4CB /* _0220412_RameshNatarajan_NYCSchoolsUITestsLaunchTests.swift */,
			);
			path = "20220412-RameshNatarajan-NYCSchoolsUITests";
			sourceTree = "<group>";
		};
		4FCDF0812805F3CD009CA4CB /* Model */ = {
			isa = PBXGroup;
			children = (
				4FCDF0832805F3FF009CA4CB /* SchoolResults.swift */,
			);
			path = Model;
			sourceTree = "<group>";
		};
		4FCDF0822805F3DC009CA4CB /* View */ = {
			isa = PBXGroup;
			children = (
			);
			path = View;
			sourceTree = "<group>";
		};
/* End PBXGroup section */

/* Begin PBXNativeTarget section */
		4FCDF04D2805F3B8009CA4CB /* 20220412-RameshNatarajan-NYCSchools */ = {
			isa = PBXNativeTarget;
			buildConfigurationList = 4FCDF0782805F3BE009CA4CB /* Build configuration list for PBXNativeTarget "20220412-RameshNatarajan-NYCSchools" */;
			buildPhases = (
				4FCDF04A2805F3B8009CA4CB /* Sources */,
				4FCDF04B2805F3B8009CA4CB /* Frameworks */,
				4FCDF04C2805F3B8009CA4CB /* Resources */,
			);
			buildRules = (
			);
			dependencies = (
			);
			name = "20220412-RameshNatarajan-NYCSchools";
			productName = "20220412-RameshNatarajan-NYCSchools";
			productReference = 4FCDF04E2805F3B8009CA4CB /* 20220412-RameshNatarajan-NYCSchools.app */;
			productType = "com.apple.product-type.application";
		};
		4FCDF0632805F3BE009CA4CB /* 20220412-RameshNatarajan-NYCSchoolsTests */ = {
			isa = PBXNativeTarget;
			buildConfigurationList = 4FCDF07B2805F3BE009CA4CB /* Build configuration list for PBXNativeTarget "20220412-RameshNatarajan-NYCSchoolsTests" */;
			buildPhases = (
				4FCDF0602805F3BE009CA4CB /* Sources */,
				4FCDF0612805F3BE009CA4CB /* Frameworks */,
				4FCDF0622805F3BE009CA4CB /* Resources */,
			);
			buildRules = (
			);
			dependencies = (
				4FCDF0662805F3BE009CA4CB /* PBXTargetDependency */,
			);
			name = "20220412-RameshNatarajan-NYCSchoolsTests";
			productName = "20220412-RameshNatarajan-NYCSchoolsTests";
			productReference = 4FCDF0642805F3BE009CA4CB /* 20220412-RameshNatarajan-NYCSchoolsTests.xctest */;
			productType = "com.apple.product-type.bundle.unit-test";
		};
		4FCDF06D2805F3BE009CA4CB /* 20220412-RameshNatarajan-NYCSchoolsUITests */ = {
			isa = PBXNativeTarget;
			buildConfigurationList = 4FCDF07E2805F3BE009CA4CB /* Build configuration list for PBXNativeTarget "20220412-RameshNatarajan-NYCSchoolsUITests" */;
			buildPhases = (
				4FCDF06A2805F3BE009CA4CB /* Sources */,
				4FCDF06B2805F3BE009CA4CB /* Frameworks */,
				4FCDF06C2805F3BE009CA4CB /* Resources */,
			);
			buildRules = (
			);
			dependencies = (
				4FCDF0702805F3BE009CA4CB /* PBXTargetDependency */,
			);
			name = "20220412-RameshNatarajan-NYCSchoolsUITests";
			productName = "20220412-RameshNatarajan-NYCSchoolsUITests";
			productReference = 4FCDF06E2805F3BE009CA4CB /* 20220412-RameshNatarajan-NYCSchoolsUITests.xctest */;
			productType = "com.apple.product-type.bundle.ui-testing";
		};
/* End PBXNativeTarget section */

/* Begin PBXProject section */
		4FCDF0462805F3B8009CA4CB /* Project object */ = {
			isa = PBXProject;
			attributes = {
				BuildIndependentTargetsInParallel = 1;
				LastSwiftUpdateCheck = 1320;
				LastUpgradeCheck = 1320;
				TargetAttributes = {
					4FCDF04D2805F3B8009CA4CB = {
						CreatedOnToolsVersion = 13.2.1;
					};
					4FCDF0632805F3BE009CA4CB = {
						CreatedOnToolsVersion = 13.2.1;
						TestTargetID = 4FCDF04D2805F3B8009CA4CB;
					};
					4FCDF06D2805F3BE009CA4CB = {
						CreatedOnToolsVersion = 13.2.1;
						TestTargetID = 4FCDF04D2805F3B8009CA4CB;
					};
				};
			};
			buildConfigurationList = 4FCDF0492805F3B8009CA4CB /* Build configuration list for PBXProject "20220412-RameshNatarajan-NYCSchools" */;
			compatibilityVersion = "Xcode 13.0";
			developmentRegion = en;
			hasScannedForEncodings = 0;
			knownRegions = (
				en,
				Base,
			);
			mainGroup = 4FCDF0452805F3B8009CA4CB;
			productRefGroup = 4FCDF04F2805F3B8009CA4CB /* Products */;
			projectDirPath = "";
			projectRoot = "";
			targets = (
				4FCDF04D2805F3B8009CA4CB /* 20220412-RameshNatarajan-NYCSchools */,
				4FCDF0632805F3BE009CA4CB /* 20220412-RameshNatarajan-NYCSchoolsTests */,
				4FCDF06D2805F3BE009CA4CB /* 20220412-RameshNatarajan-NYCSchoolsUITests */,
			);
		};
/* End PBXProject section */

/* Begin PBXResourcesBuildPhase section */
		4FCDF04C2805F3B8009CA4CB /* Resources */ = {
			isa = PBXResourcesBuildPhase;
			buildActionMask = 2147483647;
			files = (
				4FCDF05E2805F3BD009CA4CB /* LaunchScreen.storyboard in Resources */,
				4FCDF05B2805F3BD009CA4CB /* Assets.xcassets in Resources */,
				4FCDF0872805FB76009CA4CB /* SchoolResponse.json in Resources */,
				4FCDF0592805F3B8009CA4CB /* Main.storyboard in Resources */,
			);
			runOnlyForDeploymentPostprocessing = 0;
		};
		4FCDF0622805F3BE009CA4CB /* Resources */ = {
			isa = PBXResourcesBuildPhase;
			buildActionMask = 2147483647;
			files = (
			);
			runOnlyForDeploymentPostprocessing = 0;
		};
		4FCDF06C2805F3BE009CA4CB /* Resources */ = {
			isa = PBXResourcesBuildPhase;
			buildActionMask = 2147483647;
			files = (
			);
			runOnlyForDeploymentPostprocessing = 0;
		};
/* End PBXResourcesBuildPhase section */

/* Begin PBXSourcesBuildPhase section */
		4FCDF04A2805F3B8009CA4CB /* Sources */ = {
			isa = PBXSourcesBuildPhase;
			buildActionMask = 2147483647;
			files = (
				4FCDF0842805F3FF009CA4CB /* SchoolResults.swift in Sources */,
				4FCDF0562805F3B8009CA4CB /* ViewController.swift in Sources */,
				4FCDF0522805F3B8009CA4CB /* AppDelegate.swift in Sources */,
				4FCDF0542805F3B8009CA4CB /* SceneDelegate.swift in Sources */,
			);
			runOnlyForDeploymentPostprocessing = 0;
		};
		4FCDF0602805F3BE009CA4CB /* Sources */ = {
			isa = PBXSourcesBuildPhase;
			buildActionMask = 2147483647;
			files = (
				4FCDF0692805F3BE009CA4CB /* _0220412_RameshNatarajan_NYCSchoolsTests.swift in Sources */,
			);
			runOnlyForDeploymentPostprocessing = 0;
		};
		4FCDF06A2805F3BE009CA4CB /* Sources */ = {
			isa = PBXSourcesBuildPhase;
			buildActionMask = 2147483647;
			files = (
				4FCDF0752805F3BE009CA4CB /* _0220412_RameshNatarajan_NYCSchoolsUITestsLaunchTests.swift in Sources */,
				4FCDF0732805F3BE009CA4CB /* _0220412_RameshNatarajan_NYCSchoolsUITests.swift in Sources */,
			);
			runOnlyForDeploymentPostprocessing = 0;
		};
/* End PBXSourcesBuildPhase section */

/* Begin PBXTargetDependency section */
		4FCDF0662805F3BE009CA4CB /* PBXTargetDependency */ = {
			isa = PBXTargetDependency;
			target = 4FCDF04D2805F3B8009CA4CB /* 20220412-RameshNatarajan-NYCSchools */;
			targetProxy = 4FCDF0652805F3BE009CA4CB /* PBXContainerItemProxy */;
		};
		4FCDF0702805F3BE009CA4CB /* PBXTargetDependency */ = {
			isa = PBXTargetDependency;
			target = 4FCDF04D2805F3B8009CA4CB /* 20220412-RameshNatarajan-NYCSchools */;
			targetProxy = 4FCDF06F2805F3BE009CA4CB /* PBXContainerItemProxy */;
		};
/* End PBXTargetDependency section */

/* Begin PBXVariantGroup section */
		4FCDF0572805F3B8009CA4CB /* Main.storyboard */ = {
			isa = PBXVariantGroup;
			children = (
				4FCDF0582805F3B8009CA4CB /* Base */,
			);
			name = Main.storyboard;
			sourceTree = "<group>";
		};
		4FCDF05C2805F3BD009CA4CB /* LaunchScreen.storyboard */ = {
			isa = PBXVariantGroup;
			children = (
				4FCDF05D2805F3BD009CA4CB /* Base */,
			);
			name = LaunchScreen.storyboard;
			sourceTree = "<group>";
		};
/* End PBXVariantGroup section */

/* Begin XCBuildConfiguration section */
		4FCDF0762805F3BE009CA4CB /* Debug */ = {
			isa = XCBuildConfiguration;
			buildSettings = {
				ALWAYS_SEARCH_USER_PATHS = NO;
				CLANG_ANALYZER_NONNULL = YES;
				CLANG_ANALYZER_NUMBER_OBJECT_CONVERSION = YES_AGGRESSIVE;
				CLANG_CXX_LANGUAGE_STANDARD = "gnu++17";
				CLANG_CXX_LIBRARY = "libc++";
				CLANG_ENABLE_MODULES = YES;
				CLANG_ENABLE_OBJC_ARC = YES;
				CLANG_ENABLE_OBJC_WEAK = YES;
				CLANG_WARN_BLOCK_CAPTURE_AUTORELEASING = YES;
				CLANG_WARN_BOOL_CONVERSION = YES;
				CLANG_WARN_COMMA = YES;
				CLANG_WARN_CONSTANT_CONVERSION = YES;
				CLANG_WARN_DEPRECATED_OBJC_IMPLEMENTATIONS = YES;
				CLANG_WARN_DIRECT_OBJC_ISA_USAGE = YES_ERROR;
				CLANG_WARN_DOCUMENTATION_COMMENTS = YES;
				CLANG_WARN_EMPTY_BODY = YES;
				CLANG_WARN_ENUM_CONVERSION = YES;
				CLANG_WARN_INFINITE_RECURSION = YES;
				CLANG_WARN_INT_CONVERSION = YES;
				CLANG_WARN_NON_LITERAL_NULL_CONVERSION = YES;
				CLANG_WARN_OBJC_IMPLICIT_RETAIN_SELF = YES;
				CLANG_WARN_OBJC_LITERAL_CONVERSION = YES;
				CLANG_WARN_OBJC_ROOT_CLASS = YES_ERROR;
				CLANG_WARN_QUOTED_INCLUDE_IN_FRAMEWORK_HEADER = YES;
				CLANG_WARN_RANGE_LOOP_ANALYSIS = YES;
				CLANG_WARN_STRICT_PROTOTYPES = YES;
				CLANG_WARN_SUSPICIOUS_MOVE = YES;
				CLANG_WARN_UNGUARDED_AVAILABILITY = YES_AGGRESSIVE;
				CLANG_WARN_UNREACHABLE_CODE = YES;
				CLANG_WARN__DUPLICATE_METHOD_MATCH = YES;
				COPY_PHASE_STRIP = NO;
				DEBUG_INFORMATION_FORMAT = dwarf;
				ENABLE_STRICT_OBJC_MSGSEND = YES;
				ENABLE_TESTABILITY = YES;
				GCC_C_LANGUAGE_STANDARD = gnu11;
				GCC_DYNAMIC_NO_PIC = NO;
				GCC_NO_COMMON_BLOCKS = YES;
				GCC_OPTIMIZATION_LEVEL = 0;
				GCC_PREPROCESSOR_DEFINITIONS = (
					"DEBUG=1",
					"$(inherited)",
				);
				GCC_WARN_64_TO_32_BIT_CONVERSION = YES;
				GCC_WARN_ABOUT_RETURN_TYPE = YES_ERROR;
				GCC_WARN_UNDECLARED_SELECTOR = YES;
				GCC_WARN_UNINITIALIZED_AUTOS = YES_AGGRESSIVE;
				GCC_WARN_UNUSED_FUNCTION = YES;
				GCC_WARN_UNUSED_VARIABLE = YES;
				IPHONEOS_DEPLOYMENT_TARGET = 15.2;
				MTL_ENABLE_DEBUG_INFO = INCLUDE_SOURCE;
				MTL_FAST_MATH = YES;
				ONLY_ACTIVE_ARCH = YES;
				SDKROOT = iphoneos;
				SWIFT_ACTIVE_COMPILATION_CONDITIONS = DEBUG;
				SWIFT_OPTIMIZATION_LEVEL = "-Onone";
			};
			name = Debug;
		};
		4FCDF0772805F3BE009CA4CB /* Release */ = {
			isa = XCBuildConfiguration;
			buildSettings = {
				ALWAYS_SEARCH_USER_PATHS = NO;
				CLANG_ANALYZER_NONNULL = YES;
				CLANG_ANALYZER_NUMBER_OBJECT_CONVERSION = YES_AGGRESSIVE;
				CLANG_CXX_LANGUAGE_STANDARD = "gnu++17";
				CLANG_CXX_LIBRARY = "libc++";
				CLANG_ENABLE_MODULES = YES;
				CLANG_ENABLE_OBJC_ARC = YES;
				CLANG_ENABLE_OBJC_WEAK = YES;
				CLANG_WARN_BLOCK_CAPTURE_AUTORELEASING = YES;
				CLANG_WARN_BOOL_CONVERSION = YES;
				CLANG_WARN_COMMA = YES;
				CLANG_WARN_CONSTANT_CONVERSION = YES;
				CLANG_WARN_DEPRECATED_OBJC_IMPLEMENTATIONS = YES;
				CLANG_WARN_DIRECT_OBJC_ISA_USAGE = YES_ERROR;
				CLANG_WARN_DOCUMENTATION_COMMENTS = YES;
				CLANG_WARN_EMPTY_BODY = YES;
				CLANG_WARN_ENUM_CONVERSION = YES;
				CLANG_WARN_INFINITE_RECURSION = YES;
				CLANG_WARN_INT_CONVERSION = YES;
				CLANG_WARN_NON_LITERAL_NULL_CONVERSION = YES;
				CLANG_WARN_OBJC_IMPLICIT_RETAIN_SELF = YES;
				CLANG_WARN_OBJC_LITERAL_CONVERSION = YES;
				CLANG_WARN_OBJC_ROOT_CLASS = YES_ERROR;
				CLANG_WARN_QUOTED_INCLUDE_IN_FRAMEWORK_HEADER = YES;
				CLANG_WARN_RANGE_LOOP_ANALYSIS = YES;
				CLANG_WARN_STRICT_PROTOTYPES = YES;
				CLANG_WARN_SUSPICIOUS_MOVE = YES;
				CLANG_WARN_UNGUARDED_AVAILABILITY = YES_AGGRESSIVE;
				CLANG_WARN_UNREACHABLE_CODE = YES;
				CLANG_WARN__DUPLICATE_METHOD_MATCH = YES;
				COPY_PHASE_STRIP = NO;
				DEBUG_INFORMATION_FORMAT = "dwarf-with-dsym";
				ENABLE_NS_ASSERTIONS = NO;
				ENABLE_STRICT_OBJC_MSGSEND = YES;
				GCC_C_LANGUAGE_STANDARD = gnu11;
				GCC_NO_COMMON_BLOCKS = YES;
				GCC_WARN_64_TO_32_BIT_CONVERSION = YES;
				GCC_WARN_ABOUT_RETURN_TYPE = YES_ERROR;
				GCC_WARN_UNDECLARED_SELECTOR = YES;
				GCC_WARN_UNINITIALIZED_AUTOS = YES_AGGRESSIVE;
				GCC_WARN_UNUSED_FUNCTION = YES;
				GCC_WARN_UNUSED_VARIABLE = YES;
				IPHONEOS_DEPLOYMENT_TARGET = 15.2;
				MTL_ENABLE_DEBUG_INFO = NO;
				MTL_FAST_MATH = YES;
				SDKROOT = iphoneos;
				SWIFT_COMPILATION_MODE = wholemodule;
				SWIFT_OPTIMIZATION_LEVEL = "-O";
				VALIDATE_PRODUCT = YES;
			};
			name = Release;
		};
		4FCDF0792805F3BE009CA4CB /* Debug */ = {
			isa = XCBuildConfiguration;
			buildSettings = {
				ASSETCATALOG_COMPILER_APPICON_NAME = AppIcon;
				ASSETCATALOG_COMPILER_GLOBAL_ACCENT_COLOR_NAME = AccentColor;
				CODE_SIGN_STYLE = Automatic;
				CURRENT_PROJECT_VERSION = 1;
				GENERATE_INFOPLIST_FILE = YES;
				INFOPLIST_FILE = "20220412-RameshNatarajan-NYCSchools/Info.plist";
				INFOPLIST_KEY_UIApplicationSupportsIndirectInputEvents = YES;
				INFOPLIST_KEY_UILaunchStoryboardName = LaunchScreen;
				INFOPLIST_KEY_UIMainStoryboardFile = Main;
				INFOPLIST_KEY_UISupportedInterfaceOrientations_iPad = "UIInterfaceOrientationPortrait UIInterfaceOrientationPortraitUpsideDown UIInterfaceOrientationLandscapeLeft UIInterfaceOrientationLandscapeRight";
				INFOPLIST_KEY_UISupportedInterfaceOrientations_iPhone = "UIInterfaceOrientationPortrait UIInterfaceOrientationLandscapeLeft UIInterfaceOrientationLandscapeRight";
				LD_RUNPATH_SEARCH_PATHS = (
					"$(inherited)",
					"@executable_path/Frameworks",
				);
				MARKETING_VERSION = 1.0;
				PRODUCT_BUNDLE_IDENTIFIER = "com.Work.-0220412-RameshNatarajan-NYCSchools";
				PRODUCT_NAME = "$(TARGET_NAME)";
				SWIFT_EMIT_LOC_STRINGS = YES;
				SWIFT_VERSION = 5.0;
				TARGETED_DEVICE_FAMILY = "1,2";
			};
			name = Debug;
		};
		4FCDF07A2805F3BE009CA4CB /* Release */ = {
			isa = XCBuildConfiguration;
			buildSettings = {
				ASSETCATALOG_COMPILER_APPICON_NAME = AppIcon;
				ASSETCATALOG_COMPILER_GLOBAL_ACCENT_COLOR_NAME = AccentColor;
				CODE_SIGN_STYLE = Automatic;
				CURRENT_PROJECT_VERSION = 1;
				GENERATE_INFOPLIST_FILE = YES;
				INFOPLIST_FILE = "20220412-RameshNatarajan-NYCSchools/Info.plist";
				INFOPLIST_KEY_UIApplicationSupportsIndirectInputEvents = YES;
				INFOPLIST_KEY_UILaunchStoryboardName = LaunchScreen;
				INFOPLIST_KEY_UIMainStoryboardFile = Main;
				INFOPLIST_KEY_UISupportedInterfaceOrientations_iPad = "UIInterfaceOrientationPortrait UIInterfaceOrientationPortraitUpsideDown UIInterfaceOrientationLandscapeLeft UIInterfaceOrientationLandscapeRight";
				INFOPLIST_KEY_UISupportedInterfaceOrientations_iPhone = "UIInterfaceOrientationPortrait UIInterfaceOrientationLandscapeLeft UIInterfaceOrientationLandscapeRight";
				LD_RUNPATH_SEARCH_PATHS = (
					"$(inherited)",
					"@executable_path/Frameworks",
				);
				MARKETING_VERSION = 1.0;
				PRODUCT_BUNDLE_IDENTIFIER = "com.Work.-0220412-RameshNatarajan-NYCSchools";
				PRODUCT_NAME = "$(TARGET_NAME)";
				SWIFT_EMIT_LOC_STRINGS = YES;
				SWIFT_VERSION = 5.0;
				TARGETED_DEVICE_FAMILY = "1,2";
			};
			name = Release;
		};
		4FCDF07C2805F3BE009CA4CB /* Debug */ = {
			isa = XCBuildConfiguration;
			buildSettings = {
				ALWAYS_EMBED_SWIFT_STANDARD_LIBRARIES = YES;
				BUNDLE_LOADER = "$(TEST_HOST)";
				CODE_SIGN_STYLE = Automatic;
				CURRENT_PROJECT_VERSION = 1;
				GENERATE_INFOPLIST_FILE = YES;
				IPHONEOS_DEPLOYMENT_TARGET = 15.2;
				MARKETING_VERSION = 1.0;
				PRODUCT_BUNDLE_IDENTIFIER = "com.Work.-0220412-RameshNatarajan-NYCSchoolsTests";
				PRODUCT_NAME = "$(TARGET_NAME)";
				SWIFT_EMIT_LOC_STRINGS = NO;
				SWIFT_VERSION = 5.0;
				TARGETED_DEVICE_FAMILY = "1,2";
				TEST_HOST = "$(BUILT_PRODUCTS_DIR)/20220412-RameshNatarajan-NYCSchools.app/20220412-RameshNatarajan-NYCSchools";
			};
			name = Debug;
		};
		4FCDF07D2805F3BE009CA4CB /* Release */ = {
			isa = XCBuildConfiguration;
			buildSettings = {
				ALWAYS_EMBED_SWIFT_STANDARD_LIBRARIES = YES;
				BUNDLE_LOADER = "$(TEST_HOST)";
				CODE_SIGN_STYLE = Automatic;
				CURRENT_PROJECT_VERSION = 1;
				GENERATE_INFOPLIST_FILE = YES;
				IPHONEOS_DEPLOYMENT_TARGET = 15.2;
				MARKETING_VERSION = 1.0;
				PRODUCT_BUNDLE_IDENTIFIER = "com.Work.-0220412-RameshNatarajan-NYCSchoolsTests";
				PRODUCT_NAME = "$(TARGET_NAME)";
				SWIFT_EMIT_LOC_STRINGS = NO;
				SWIFT_VERSION = 5.0;
				TARGETED_DEVICE_FAMILY = "1,2";
				TEST_HOST = "$(BUILT_PRODUCTS_DIR)/20220412-RameshNatarajan-NYCSchools.app/20220412-RameshNatarajan-NYCSchools";
			};
			name = Release;
		};
		4FCDF07F2805F3BE009CA4CB /* Debug */ = {
			isa = XCBuildConfiguration;
			buildSettings = {
				ALWAYS_EMBED_SWIFT_STANDARD_LIBRARIES = YES;
				CODE_SIGN_STYLE = Automatic;
				CURRENT_PROJECT_VERSION = 1;
				GENERATE_INFOPLIST_FILE = YES;
				MARKETING_VERSION = 1.0;
				PRODUCT_BUNDLE_IDENTIFIER = "com.Work.-0220412-RameshNatarajan-NYCSchoolsUITests";
				PRODUCT_NAME = "$(TARGET_NAME)";
				SWIFT_EMIT_LOC_STRINGS = NO;
				SWIFT_VERSION = 5.0;
				TARGETED_DEVICE_FAMILY = "1,2";
				TEST_TARGET_NAME = "20220412-RameshNatarajan-NYCSchools";
			};
			name = Debug;
		};
		4FCDF0802805F3BE009CA4CB /* Release */ = {
			isa = XCBuildConfiguration;
			buildSettings = {
				ALWAYS_EMBED_SWIFT_STANDARD_LIBRARIES = YES;
				CODE_SIGN_STYLE = Automatic;
				CURRENT_PROJECT_VERSION = 1;
				GENERATE_INFOPLIST_FILE = YES;
				MARKETING_VERSION = 1.0;
				PRODUCT_BUNDLE_IDENTIFIER = "com.Work.-0220412-RameshNatarajan-NYCSchoolsUITests";
				PRODUCT_NAME = "$(TARGET_NAME)";
				SWIFT_EMIT_LOC_STRINGS = NO;
				SWIFT_VERSION = 5.0;
				TARGETED_DEVICE_FAMILY = "1,2";
				TEST_TARGET_NAME = "20220412-RameshNatarajan-NYCSchools";
			};
			name = Release;
		};
/* End XCBuildConfiguration section */

/* Begin XCConfigurationList section */
		4FCDF0492805F3B8009CA4CB /* Build configuration list for PBXProject "20220412-RameshNatarajan-NYCSchools" */ = {
			isa = XCConfigurationList;
			buildConfigurations = (
				4FCDF0762805F3BE009CA4CB /* Debug */,
				4FCDF0772805F3BE009CA4CB /* Release */,
			);
			defaultConfigurationIsVisible = 0;
			defaultConfigurationName = Release;
		};
		4FCDF0782805F3BE009CA4CB /* Build configuration list for PBXNativeTarget "20220412-RameshNatarajan-NYCSchools" */ = {
			isa = XCConfigurationList;
			buildConfigurations = (
				4FCDF0792805F3BE009CA4CB /* Debug */,
				4FCDF07A2805F3BE009CA4CB /* Release */,
			);
			defaultConfigurationIsVisible = 0;
			defaultConfigurationName = Release;
		};
		4FCDF07B2805F3BE009CA4CB /* Build configuration list for PBXNativeTarget "20220412-RameshNatarajan-NYCSchoolsTests" */ = {
			isa = XCConfigurationList;
			buildConfigurations = (
				4FCDF07C2805F3BE009CA4CB /* Debug */,
				4FCDF07D2805F3BE009CA4CB /* Release */,
			);
			defaultConfigurationIsVisible = 0;
			defaultConfigurationName = Release;
		};
		4FCDF07E2805F3BE009CA4CB /* Build configuration list for PBXNativeTarget "20220412-RameshNatarajan-NYCSchoolsUITests" */ = {
			isa = XCConfigurationList;
			buildConfigurations = (
				4FCDF07F2805F3BE009CA4CB /* Debug */,
				4FCDF0802805F3BE009CA4CB /* Release */,
			);
			defaultConfigurationIsVisible = 0;
			defaultConfigurationName = Release;
		};
/* End XCConfigurationList section */
	};
	rootObject = 4FCDF0462805F3B8009CA4CB /* Project object */;
}
